// !$*UTF8*$!
{
	archiveVersion = 1;
	classes = {
	};
	objectVersion = 46;
	objects = {

/* Begin PBXBuildFile section */
		67932D24260EC99FEE26B8DF /* Pods_491ECormackAssn2Tests.framework in Frameworks */ = {isa = PBXBuildFile; fileRef = 2B9AD0E09BECFA14608A2C3B /* Pods_491ECormackAssn2Tests.framework */; };
		6B44B8EA591419E23269DB69 /* Pods_491ECormackAssn2.framework in Frameworks */ = {isa = PBXBuildFile; fileRef = 4DE3E8C3C99FCA04FE21FFC9 /* Pods_491ECormackAssn2.framework */; };
		A000DBBE1EAFDBB2007231CA /* CTAConnectorTest.swift in Sources */ = {isa = PBXBuildFile; fileRef = A000DBBD1EAFDBB2007231CA /* CTAConnectorTest.swift */; };
		A004501A1EB3890D000DD0ED /* StopTableViewCell.swift in Sources */ = {isa = PBXBuildFile; fileRef = A00450191EB3890D000DD0ED /* StopTableViewCell.swift */; };
		A004501C1EB3892B000DD0ED /* StopTableViewControllerTest.swift in Sources */ = {isa = PBXBuildFile; fileRef = A004501B1EB3892B000DD0ED /* StopTableViewControllerTest.swift */; };
		A004501E1EB3A531000DD0ED /* BusStopTest.swift in Sources */ = {isa = PBXBuildFile; fileRef = A004501D1EB3A531000DD0ED /* BusStopTest.swift */; };
		A01D00341EB1C4AE0030F2F4 /* RouteTableViewControllerTest.swift in Sources */ = {isa = PBXBuildFile; fileRef = A01D00331EB1C4AE0030F2F4 /* RouteTableViewControllerTest.swift */; };
		A06630BA1EB256AE000F66E6 /* StopTableViewController.swift in Sources */ = {isa = PBXBuildFile; fileRef = A06630B91EB256AE000F66E6 /* StopTableViewController.swift */; };
		A06630BC1EB256F3000F66E6 /* BusStop.swift in Sources */ = {isa = PBXBuildFile; fileRef = A06630BB1EB256F3000F66E6 /* BusStop.swift */; };
		A07A846A1EAED38A00B7B053 /* CTAConnector.swift in Sources */ = {isa = PBXBuildFile; fileRef = A07A84691EAED38A00B7B053 /* CTAConnector.swift */; };
		A09E0F501EB2DDE9000B300B /* DirectionViewControllerTest.swift in Sources */ = {isa = PBXBuildFile; fileRef = A09E0F4F1EB2DDE9000B300B /* DirectionViewControllerTest.swift */; };
		A0B74F5A1EB2866B00116D7F /* DirectionViewController.swift in Sources */ = {isa = PBXBuildFile; fileRef = A0B74F591EB2866B00116D7F /* DirectionViewController.swift */; };
		A0B74F5C1EB286CB00116D7F /* Direction.swift in Sources */ = {isa = PBXBuildFile; fileRef = A0B74F5B1EB286CB00116D7F /* Direction.swift */; };
		A0C8604C1ECE657C00BF7C5F /* RouteManager.swift in Sources */ = {isa = PBXBuildFile; fileRef = A0C8604B1ECE657C00BF7C5F /* RouteManager.swift */; };
		A0C8604E1ECE83A600BF7C5F /* StopManager.swift in Sources */ = {isa = PBXBuildFile; fileRef = A0C8604D1ECE83A600BF7C5F /* StopManager.swift */; };
		A0CBF4571EAEB30E00CECA23 /* keys.plist in Resources */ = {isa = PBXBuildFile; fileRef = A0CBF4561EAEB30E00CECA23 /* keys.plist */; };
		A0CBF45A1EAEB43800CECA23 /* KeyRing.swift in Sources */ = {isa = PBXBuildFile; fileRef = A0CBF4591EAEB43800CECA23 /* KeyRing.swift */; };
		A0CBF45C1EAEB67C00CECA23 /* KeyRingTest.swift in Sources */ = {isa = PBXBuildFile; fileRef = A0CBF45B1EAEB67C00CECA23 /* KeyRingTest.swift */; };
		A0EBA3981EB12379000D9D6A /* Route.swift in Sources */ = {isa = PBXBuildFile; fileRef = A0EBA3971EB12379000D9D6A /* Route.swift */; };
		A0EBA39B1EB1896A000D9D6A /* RouteTest.swift in Sources */ = {isa = PBXBuildFile; fileRef = A0EBA39A1EB1896A000D9D6A /* RouteTest.swift */; };
		A0EBA39E1EB18A90000D9D6A /* UIColor.swift in Sources */ = {isa = PBXBuildFile; fileRef = A0EBA39D1EB18A90000D9D6A /* UIColor.swift */; };
		A0EBA3A01EB18B8F000D9D6A /* UIColorTest.swift in Sources */ = {isa = PBXBuildFile; fileRef = A0EBA39F1EB18B8F000D9D6A /* UIColorTest.swift */; };
		A0EBA3A51EB1A043000D9D6A /* RouteTableViewCell.swift in Sources */ = {isa = PBXBuildFile; fileRef = A0EBA3A41EB1A043000D9D6A /* RouteTableViewCell.swift */; };
		A0F2FCD61EAE76BE002F74F3 /* AppDelegate.swift in Sources */ = {isa = PBXBuildFile; fileRef = A0F2FCD51EAE76BE002F74F3 /* AppDelegate.swift */; };
		A0F2FCD81EAE76BE002F74F3 /* RouteTableViewController.swift in Sources */ = {isa = PBXBuildFile; fileRef = A0F2FCD71EAE76BE002F74F3 /* RouteTableViewController.swift */; };
		A0F2FCDB1EAE76BE002F74F3 /* Main.storyboard in Resources */ = {isa = PBXBuildFile; fileRef = A0F2FCD91EAE76BE002F74F3 /* Main.storyboard */; };
		A0F2FCDD1EAE76BE002F74F3 /* Assets.xcassets in Resources */ = {isa = PBXBuildFile; fileRef = A0F2FCDC1EAE76BE002F74F3 /* Assets.xcassets */; };
		A0F2FCE01EAE76BE002F74F3 /* LaunchScreen.storyboard in Resources */ = {isa = PBXBuildFile; fileRef = A0F2FCDE1EAE76BE002F74F3 /* LaunchScreen.storyboard */; };
		A0F664AC1EB529DF007BC4D1 /* TimeViewController.swift in Sources */ = {isa = PBXBuildFile; fileRef = A0F664AB1EB529DF007BC4D1 /* TimeViewController.swift */; };
		A0F664AE1EB52BDE007BC4D1 /* Warning.swift in Sources */ = {isa = PBXBuildFile; fileRef = A0F664AD1EB52BDE007BC4D1 /* Warning.swift */; };
		A0F664B01EB52D61007BC4D1 /* WaitTableViewCell.swift in Sources */ = {isa = PBXBuildFile; fileRef = A0F664AF1EB52D61007BC4D1 /* WaitTableViewCell.swift */; };
		A0F664B21EB531FA007BC4D1 /* Prediction.swift in Sources */ = {isa = PBXBuildFile; fileRef = A0F664B11EB531FA007BC4D1 /* Prediction.swift */; };
		A0F664B61EB555A7007BC4D1 /* WarningTableViewCell.swift in Sources */ = {isa = PBXBuildFile; fileRef = A0F664B51EB555A7007BC4D1 /* WarningTableViewCell.swift */; };
/* End PBXBuildFile section */

/* Begin PBXContainerItemProxy section */
		A0F2FCE71EAE76BE002F74F3 /* PBXContainerItemProxy */ = {
			isa = PBXContainerItemProxy;
			containerPortal = A0F2FCCA1EAE76BE002F74F3 /* Project object */;
			proxyType = 1;
			remoteGlobalIDString = A0F2FCD11EAE76BE002F74F3;
			remoteInfo = 491ECormackAssn2;
		};
/* End PBXContainerItemProxy section */

/* Begin PBXFileReference section */
		01A05CCD47DF17CE7D88E737 /* Pods-491ECormackAssn2.debug.xcconfig */ = {isa = PBXFileReference; includeInIndex = 1; lastKnownFileType = text.xcconfig; name = "Pods-491ECormackAssn2.debug.xcconfig"; path = "Pods/Target Support Files/Pods-491ECormackAssn2/Pods-491ECormackAssn2.debug.xcconfig"; sourceTree = "<group>"; };
		2B9AD0E09BECFA14608A2C3B /* Pods_491ECormackAssn2Tests.framework */ = {isa = PBXFileReference; explicitFileType = wrapper.framework; includeInIndex = 0; path = Pods_491ECormackAssn2Tests.framework; sourceTree = BUILT_PRODUCTS_DIR; };
		4DE3E8C3C99FCA04FE21FFC9 /* Pods_491ECormackAssn2.framework */ = {isa = PBXFileReference; explicitFileType = wrapper.framework; includeInIndex = 0; path = Pods_491ECormackAssn2.framework; sourceTree = BUILT_PRODUCTS_DIR; };
		706B40133BEE6595FAA88132 /* Pods-491ECormackAssn2Tests.release.xcconfig */ = {isa = PBXFileReference; includeInIndex = 1; lastKnownFileType = text.xcconfig; name = "Pods-491ECormackAssn2Tests.release.xcconfig"; path = "Pods/Target Support Files/Pods-491ECormackAssn2Tests/Pods-491ECormackAssn2Tests.release.xcconfig"; sourceTree = "<group>"; };
		A000DBBD1EAFDBB2007231CA /* CTAConnectorTest.swift */ = {isa = PBXFileReference; fileEncoding = 4; lastKnownFileType = sourcecode.swift; path = CTAConnectorTest.swift; sourceTree = "<group>"; };
		A00450191EB3890D000DD0ED /* StopTableViewCell.swift */ = {isa = PBXFileReference; fileEncoding = 4; lastKnownFileType = sourcecode.swift; path = StopTableViewCell.swift; sourceTree = "<group>"; };
		A004501B1EB3892B000DD0ED /* StopTableViewControllerTest.swift */ = {isa = PBXFileReference; fileEncoding = 4; lastKnownFileType = sourcecode.swift; path = StopTableViewControllerTest.swift; sourceTree = "<group>"; };
		A004501D1EB3A531000DD0ED /* BusStopTest.swift */ = {isa = PBXFileReference; fileEncoding = 4; lastKnownFileType = sourcecode.swift; path = BusStopTest.swift; sourceTree = "<group>"; };
		A01D00331EB1C4AE0030F2F4 /* RouteTableViewControllerTest.swift */ = {isa = PBXFileReference; fileEncoding = 4; lastKnownFileType = sourcecode.swift; path = RouteTableViewControllerTest.swift; sourceTree = "<group>"; };
		A06630B91EB256AE000F66E6 /* StopTableViewController.swift */ = {isa = PBXFileReference; fileEncoding = 4; lastKnownFileType = sourcecode.swift; path = StopTableViewController.swift; sourceTree = "<group>"; };
		A06630BB1EB256F3000F66E6 /* BusStop.swift */ = {isa = PBXFileReference; fileEncoding = 4; lastKnownFileType = sourcecode.swift; path = BusStop.swift; sourceTree = "<group>"; };
		A07A84691EAED38A00B7B053 /* CTAConnector.swift */ = {isa = PBXFileReference; fileEncoding = 4; lastKnownFileType = sourcecode.swift; path = CTAConnector.swift; sourceTree = "<group>"; };
		A09E0F4F1EB2DDE9000B300B /* DirectionViewControllerTest.swift */ = {isa = PBXFileReference; fileEncoding = 4; lastKnownFileType = sourcecode.swift; path = DirectionViewControllerTest.swift; sourceTree = "<group>"; };
		A0B74F591EB2866B00116D7F /* DirectionViewController.swift */ = {isa = PBXFileReference; fileEncoding = 4; lastKnownFileType = sourcecode.swift; path = DirectionViewController.swift; sourceTree = "<group>"; };
		A0B74F5B1EB286CB00116D7F /* Direction.swift */ = {isa = PBXFileReference; fileEncoding = 4; lastKnownFileType = sourcecode.swift; path = Direction.swift; sourceTree = "<group>"; };
		A0C8604B1ECE657C00BF7C5F /* RouteManager.swift */ = {isa = PBXFileReference; fileEncoding = 4; lastKnownFileType = sourcecode.swift; path = RouteManager.swift; sourceTree = "<group>"; };
		A0C8604D1ECE83A600BF7C5F /* StopManager.swift */ = {isa = PBXFileReference; fileEncoding = 4; lastKnownFileType = sourcecode.swift; path = StopManager.swift; sourceTree = "<group>"; };
		A0CBF4561EAEB30E00CECA23 /* keys.plist */ = {isa = PBXFileReference; fileEncoding = 4; lastKnownFileType = text.plist.xml; path = keys.plist; sourceTree = "<group>"; };
		A0CBF4591EAEB43800CECA23 /* KeyRing.swift */ = {isa = PBXFileReference; fileEncoding = 4; lastKnownFileType = sourcecode.swift; path = KeyRing.swift; sourceTree = "<group>"; };
		A0CBF45B1EAEB67C00CECA23 /* KeyRingTest.swift */ = {isa = PBXFileReference; fileEncoding = 4; lastKnownFileType = sourcecode.swift; path = KeyRingTest.swift; sourceTree = "<group>"; };
		A0EBA3971EB12379000D9D6A /* Route.swift */ = {isa = PBXFileReference; fileEncoding = 4; lastKnownFileType = sourcecode.swift; path = Route.swift; sourceTree = "<group>"; };
		A0EBA39A1EB1896A000D9D6A /* RouteTest.swift */ = {isa = PBXFileReference; fileEncoding = 4; lastKnownFileType = sourcecode.swift; path = RouteTest.swift; sourceTree = "<group>"; };
		A0EBA39D1EB18A90000D9D6A /* UIColor.swift */ = {isa = PBXFileReference; fileEncoding = 4; lastKnownFileType = sourcecode.swift; path = UIColor.swift; sourceTree = "<group>"; };
		A0EBA39F1EB18B8F000D9D6A /* UIColorTest.swift */ = {isa = PBXFileReference; fileEncoding = 4; lastKnownFileType = sourcecode.swift; path = UIColorTest.swift; sourceTree = "<group>"; };
		A0EBA3A41EB1A043000D9D6A /* RouteTableViewCell.swift */ = {isa = PBXFileReference; fileEncoding = 4; lastKnownFileType = sourcecode.swift; path = RouteTableViewCell.swift; sourceTree = "<group>"; };
		A0F2FCD21EAE76BE002F74F3 /* 491ECormackAssn2.app */ = {isa = PBXFileReference; explicitFileType = wrapper.application; includeInIndex = 0; path = 491ECormackAssn2.app; sourceTree = BUILT_PRODUCTS_DIR; };
		A0F2FCD51EAE76BE002F74F3 /* AppDelegate.swift */ = {isa = PBXFileReference; lastKnownFileType = sourcecode.swift; path = AppDelegate.swift; sourceTree = "<group>"; };
		A0F2FCD71EAE76BE002F74F3 /* RouteTableViewController.swift */ = {isa = PBXFileReference; lastKnownFileType = sourcecode.swift; path = RouteTableViewController.swift; sourceTree = "<group>"; };
		A0F2FCDA1EAE76BE002F74F3 /* Base */ = {isa = PBXFileReference; lastKnownFileType = file.storyboard; name = Base; path = Base.lproj/Main.storyboard; sourceTree = "<group>"; };
		A0F2FCDC1EAE76BE002F74F3 /* Assets.xcassets */ = {isa = PBXFileReference; lastKnownFileType = folder.assetcatalog; path = Assets.xcassets; sourceTree = "<group>"; };
		A0F2FCDF1EAE76BE002F74F3 /* Base */ = {isa = PBXFileReference; lastKnownFileType = file.storyboard; name = Base; path = Base.lproj/LaunchScreen.storyboard; sourceTree = "<group>"; };
		A0F2FCE11EAE76BE002F74F3 /* Info.plist */ = {isa = PBXFileReference; lastKnownFileType = text.plist.xml; path = Info.plist; sourceTree = "<group>"; };
		A0F2FCE61EAE76BE002F74F3 /* 491ECormackAssn2Tests.xctest */ = {isa = PBXFileReference; explicitFileType = wrapper.cfbundle; includeInIndex = 0; path = 491ECormackAssn2Tests.xctest; sourceTree = BUILT_PRODUCTS_DIR; };
		A0F2FCEC1EAE76BE002F74F3 /* Info.plist */ = {isa = PBXFileReference; lastKnownFileType = text.plist.xml; path = Info.plist; sourceTree = "<group>"; };
		A0F664AB1EB529DF007BC4D1 /* TimeViewController.swift */ = {isa = PBXFileReference; fileEncoding = 4; lastKnownFileType = sourcecode.swift; path = TimeViewController.swift; sourceTree = "<group>"; };
		A0F664AD1EB52BDE007BC4D1 /* Warning.swift */ = {isa = PBXFileReference; fileEncoding = 4; lastKnownFileType = sourcecode.swift; path = Warning.swift; sourceTree = "<group>"; };
		A0F664AF1EB52D61007BC4D1 /* WaitTableViewCell.swift */ = {isa = PBXFileReference; fileEncoding = 4; lastKnownFileType = sourcecode.swift; path = WaitTableViewCell.swift; sourceTree = "<group>"; };
		A0F664B11EB531FA007BC4D1 /* Prediction.swift */ = {isa = PBXFileReference; fileEncoding = 4; lastKnownFileType = sourcecode.swift; path = Prediction.swift; sourceTree = "<group>"; };
		A0F664B51EB555A7007BC4D1 /* WarningTableViewCell.swift */ = {isa = PBXFileReference; fileEncoding = 4; lastKnownFileType = sourcecode.swift; path = WarningTableViewCell.swift; sourceTree = "<group>"; };
		D464E29E542A09E5C33DE64A /* Pods-491ECormackAssn2Tests.debug.xcconfig */ = {isa = PBXFileReference; includeInIndex = 1; lastKnownFileType = text.xcconfig; name = "Pods-491ECormackAssn2Tests.debug.xcconfig"; path = "Pods/Target Support Files/Pods-491ECormackAssn2Tests/Pods-491ECormackAssn2Tests.debug.xcconfig"; sourceTree = "<group>"; };
		DF2C5527029AE0ECAF286531 /* Pods-491ECormackAssn2.release.xcconfig */ = {isa = PBXFileReference; includeInIndex = 1; lastKnownFileType = text.xcconfig; name = "Pods-491ECormackAssn2.release.xcconfig"; path = "Pods/Target Support Files/Pods-491ECormackAssn2/Pods-491ECormackAssn2.release.xcconfig"; sourceTree = "<group>"; };
/* End PBXFileReference section */

/* Begin PBXFrameworksBuildPhase section */
		A0F2FCCF1EAE76BE002F74F3 /* Frameworks */ = {
			isa = PBXFrameworksBuildPhase;
			buildActionMask = 2147483647;
			files = (
				6B44B8EA591419E23269DB69 /* Pods_491ECormackAssn2.framework in Frameworks */,
			);
			runOnlyForDeploymentPostprocessing = 0;
		};
		A0F2FCE31EAE76BE002F74F3 /* Frameworks */ = {
			isa = PBXFrameworksBuildPhase;
			buildActionMask = 2147483647;
			files = (
				67932D24260EC99FEE26B8DF /* Pods_491ECormackAssn2Tests.framework in Frameworks */,
			);
			runOnlyForDeploymentPostprocessing = 0;
		};
/* End PBXFrameworksBuildPhase section */

/* Begin PBXGroup section */
		69598AA9376A5DCFC167A883 /* Frameworks */ = {
			isa = PBXGroup;
			children = (
				4DE3E8C3C99FCA04FE21FFC9 /* Pods_491ECormackAssn2.framework */,
				2B9AD0E09BECFA14608A2C3B /* Pods_491ECormackAssn2Tests.framework */,
			);
			name = Frameworks;
			sourceTree = "<group>";
		};
		709FFDEA79D5AF1DA6F8E15E /* Pods */ = {
			isa = PBXGroup;
			children = (
				01A05CCD47DF17CE7D88E737 /* Pods-491ECormackAssn2.debug.xcconfig */,
				DF2C5527029AE0ECAF286531 /* Pods-491ECormackAssn2.release.xcconfig */,
				D464E29E542A09E5C33DE64A /* Pods-491ECormackAssn2Tests.debug.xcconfig */,
				706B40133BEE6595FAA88132 /* Pods-491ECormackAssn2Tests.release.xcconfig */,
			);
			name = Pods;
			sourceTree = "<group>";
		};
		A0CBF4581EAEB40700CECA23 /* Singletons */ = {
			isa = PBXGroup;
			children = (
				A0CBF4591EAEB43800CECA23 /* KeyRing.swift */,
				A07A84691EAED38A00B7B053 /* CTAConnector.swift */,
				A0C8604B1ECE657C00BF7C5F /* RouteManager.swift */,
				A0C8604D1ECE83A600BF7C5F /* StopManager.swift */,
			);
			name = Singletons;
			sourceTree = "<group>";
		};
		A0EBA3931EB0F305000D9D6A /* Model */ = {
			isa = PBXGroup;
			children = (
				A0EBA3941EB0F30B000D9D6A /* Singletons */,
				A0EBA39A1EB1896A000D9D6A /* RouteTest.swift */,
				A004501D1EB3A531000DD0ED /* BusStopTest.swift */,
			);
			name = Model;
			sourceTree = "<group>";
		};
		A0EBA3941EB0F30B000D9D6A /* Singletons */ = {
			isa = PBXGroup;
			children = (
				A0CBF45B1EAEB67C00CECA23 /* KeyRingTest.swift */,
				A000DBBD1EAFDBB2007231CA /* CTAConnectorTest.swift */,
			);
			name = Singletons;
			sourceTree = "<group>";
		};
		A0EBA3951EB12136000D9D6A /* Controller */ = {
			isa = PBXGroup;
			children = (
				A0F2FCD51EAE76BE002F74F3 /* AppDelegate.swift */,
				A0F2FCD71EAE76BE002F74F3 /* RouteTableViewController.swift */,
				A0B74F591EB2866B00116D7F /* DirectionViewController.swift */,
				A06630B91EB256AE000F66E6 /* StopTableViewController.swift */,
				A0F664AB1EB529DF007BC4D1 /* TimeViewController.swift */,
			);
			name = Controller;
			sourceTree = "<group>";
		};
		A0EBA3961EB12161000D9D6A /* Storyboards */ = {
			isa = PBXGroup;
			children = (
				A0F2FCD91EAE76BE002F74F3 /* Main.storyboard */,
				A0F2FCDE1EAE76BE002F74F3 /* LaunchScreen.storyboard */,
			);
			name = Storyboards;
			sourceTree = "<group>";
		};
		A0EBA3991EB1890B000D9D6A /* Utilities */ = {
			isa = PBXGroup;
			children = (
				A0EBA39D1EB18A90000D9D6A /* UIColor.swift */,
			);
			name = Utilities;
			sourceTree = "<group>";
		};
		A0EBA39C1EB18A66000D9D6A /* Utilities */ = {
			isa = PBXGroup;
			children = (
				A0EBA39F1EB18B8F000D9D6A /* UIColorTest.swift */,
			);
			name = Utilities;
			sourceTree = "<group>";
		};
		A0EBA3A11EB19DD5000D9D6A /* View */ = {
			isa = PBXGroup;
			children = (
				A0EBA3A41EB1A043000D9D6A /* RouteTableViewCell.swift */,
				A00450191EB3890D000DD0ED /* StopTableViewCell.swift */,
				A0F664AF1EB52D61007BC4D1 /* WaitTableViewCell.swift */,
				A0F664B51EB555A7007BC4D1 /* WarningTableViewCell.swift */,
			);
			name = View;
			sourceTree = "<group>";
		};
		A0EBA3A21EB19DED000D9D6A /* Controller */ = {
			isa = PBXGroup;
			children = (
				A01D00331EB1C4AE0030F2F4 /* RouteTableViewControllerTest.swift */,
				A09E0F4F1EB2DDE9000B300B /* DirectionViewControllerTest.swift */,
				A004501B1EB3892B000DD0ED /* StopTableViewControllerTest.swift */,
			);
			name = Controller;
			sourceTree = "<group>";
		};
		A0EBA3A31EB19DF3000D9D6A /* View */ = {
			isa = PBXGroup;
			children = (
			);
			name = View;
			sourceTree = "<group>";
		};
		A0F2FCC91EAE76BE002F74F3 = {
			isa = PBXGroup;
			children = (
				A0F2FCD41EAE76BE002F74F3 /* 491ECormackAssn2 */,
				A0F2FCE91EAE76BE002F74F3 /* 491ECormackAssn2Tests */,
				A0F2FCD31EAE76BE002F74F3 /* Products */,
				709FFDEA79D5AF1DA6F8E15E /* Pods */,
				69598AA9376A5DCFC167A883 /* Frameworks */,
			);
			sourceTree = "<group>";
		};
		A0F2FCD31EAE76BE002F74F3 /* Products */ = {
			isa = PBXGroup;
			children = (
				A0F2FCD21EAE76BE002F74F3 /* 491ECormackAssn2.app */,
				A0F2FCE61EAE76BE002F74F3 /* 491ECormackAssn2Tests.xctest */,
			);
			name = Products;
			sourceTree = "<group>";
		};
		A0F2FCD41EAE76BE002F74F3 /* 491ECormackAssn2 */ = {
			isa = PBXGroup;
			children = (
				A0EBA3991EB1890B000D9D6A /* Utilities */,
				A0F2FCF51EAE77A2002F74F3 /* Model */,
				A0EBA3A11EB19DD5000D9D6A /* View */,
				A0EBA3951EB12136000D9D6A /* Controller */,
				A0EBA3961EB12161000D9D6A /* Storyboards */,
				A0F2FCDC1EAE76BE002F74F3 /* Assets.xcassets */,
				A0F2FCE11EAE76BE002F74F3 /* Info.plist */,
				A0CBF4561EAEB30E00CECA23 /* keys.plist */,
			);
			path = 491ECormackAssn2;
			sourceTree = "<group>";
		};
		A0F2FCE91EAE76BE002F74F3 /* 491ECormackAssn2Tests */ = {
			isa = PBXGroup;
			children = (
				A0EBA39C1EB18A66000D9D6A /* Utilities */,
				A0EBA3931EB0F305000D9D6A /* Model */,
				A0EBA3A31EB19DF3000D9D6A /* View */,
				A0EBA3A21EB19DED000D9D6A /* Controller */,
				A0F2FCEC1EAE76BE002F74F3 /* Info.plist */,
			);
			path = 491ECormackAssn2Tests;
			sourceTree = "<group>";
		};
		A0F2FCF51EAE77A2002F74F3 /* Model */ = {
			isa = PBXGroup;
			children = (
				A0CBF4581EAEB40700CECA23 /* Singletons */,
				A0EBA3971EB12379000D9D6A /* Route.swift */,
				A0B74F5B1EB286CB00116D7F /* Direction.swift */,
				A06630BB1EB256F3000F66E6 /* BusStop.swift */,
				A0F664AD1EB52BDE007BC4D1 /* Warning.swift */,
				A0F664B11EB531FA007BC4D1 /* Prediction.swift */,
			);
			name = Model;
			sourceTree = "<group>";
		};
/* End PBXGroup section */

/* Begin PBXNativeTarget section */
		A0F2FCD11EAE76BE002F74F3 /* 491ECormackAssn2 */ = {
			isa = PBXNativeTarget;
			buildConfigurationList = A0F2FCEF1EAE76BE002F74F3 /* Build configuration list for PBXNativeTarget "491ECormackAssn2" */;
			buildPhases = (
				0EC9CDAEB5CDFCF374AE3492 /* [CP] Check Pods Manifest.lock */,
				A0F2FCCE1EAE76BE002F74F3 /* Sources */,
				A0F2FCCF1EAE76BE002F74F3 /* Frameworks */,
				A0F2FCD01EAE76BE002F74F3 /* Resources */,
				7B0F68B1D5A47D024B04DA8A /* [CP] Embed Pods Frameworks */,
				A057AE3072E2EA6BFE35A1EB /* [CP] Copy Pods Resources */,
			);
			buildRules = (
			);
			dependencies = (
			);
			name = 491ECormackAssn2;
			productName = 491ECormackAssn2;
			productReference = A0F2FCD21EAE76BE002F74F3 /* 491ECormackAssn2.app */;
			productType = "com.apple.product-type.application";
		};
		A0F2FCE51EAE76BE002F74F3 /* 491ECormackAssn2Tests */ = {
			isa = PBXNativeTarget;
			buildConfigurationList = A0F2FCF21EAE76BE002F74F3 /* Build configuration list for PBXNativeTarget "491ECormackAssn2Tests" */;
			buildPhases = (
				C9DB270E405C8056A0AAD19C /* [CP] Check Pods Manifest.lock */,
				A0F2FCE21EAE76BE002F74F3 /* Sources */,
				A0F2FCE31EAE76BE002F74F3 /* Frameworks */,
				A0F2FCE41EAE76BE002F74F3 /* Resources */,
				BDB41D1D9DC2CF25A9BEDB96 /* [CP] Embed Pods Frameworks */,
				DE6B70A6500B19441966EBEE /* [CP] Copy Pods Resources */,
			);
			buildRules = (
			);
			dependencies = (
				A0F2FCE81EAE76BE002F74F3 /* PBXTargetDependency */,
			);
			name = 491ECormackAssn2Tests;
			productName = 491ECormackAssn2Tests;
			productReference = A0F2FCE61EAE76BE002F74F3 /* 491ECormackAssn2Tests.xctest */;
			productType = "com.apple.product-type.bundle.unit-test";
		};
/* End PBXNativeTarget section */

/* Begin PBXProject section */
		A0F2FCCA1EAE76BE002F74F3 /* Project object */ = {
			isa = PBXProject;
			attributes = {
				LastSwiftUpdateCheck = 0830;
				LastUpgradeCheck = 0830;
				ORGANIZATIONNAME = "the Odin Spire";
				TargetAttributes = {
					A0F2FCD11EAE76BE002F74F3 = {
						CreatedOnToolsVersion = 8.3.2;
						DevelopmentTeam = MQ79U7S5FQ;
						ProvisioningStyle = Automatic;
					};
					A0F2FCE51EAE76BE002F74F3 = {
						CreatedOnToolsVersion = 8.3.2;
						ProvisioningStyle = Automatic;
						TestTargetID = A0F2FCD11EAE76BE002F74F3;
					};
				};
			};
			buildConfigurationList = A0F2FCCD1EAE76BE002F74F3 /* Build configuration list for PBXProject "491ECormackAssn2" */;
			compatibilityVersion = "Xcode 3.2";
			developmentRegion = English;
			hasScannedForEncodings = 0;
			knownRegions = (
				en,
				Base,
			);
			mainGroup = A0F2FCC91EAE76BE002F74F3;
			productRefGroup = A0F2FCD31EAE76BE002F74F3 /* Products */;
			projectDirPath = "";
			projectRoot = "";
			targets = (
				A0F2FCD11EAE76BE002F74F3 /* 491ECormackAssn2 */,
				A0F2FCE51EAE76BE002F74F3 /* 491ECormackAssn2Tests */,
			);
		};
/* End PBXProject section */

/* Begin PBXResourcesBuildPhase section */
		A0F2FCD01EAE76BE002F74F3 /* Resources */ = {
			isa = PBXResourcesBuildPhase;
			buildActionMask = 2147483647;
			files = (
				A0CBF4571EAEB30E00CECA23 /* keys.plist in Resources */,
				A0F2FCE01EAE76BE002F74F3 /* LaunchScreen.storyboard in Resources */,
				A0F2FCDD1EAE76BE002F74F3 /* Assets.xcassets in Resources */,
				A0F2FCDB1EAE76BE002F74F3 /* Main.storyboard in Resources */,
			);
			runOnlyForDeploymentPostprocessing = 0;
		};
		A0F2FCE41EAE76BE002F74F3 /* Resources */ = {
			isa = PBXResourcesBuildPhase;
			buildActionMask = 2147483647;
			files = (
			);
			runOnlyForDeploymentPostprocessing = 0;
		};
/* End PBXResourcesBuildPhase section */

/* Begin PBXShellScriptBuildPhase section */
		0EC9CDAEB5CDFCF374AE3492 /* [CP] Check Pods Manifest.lock */ = {
			isa = PBXShellScriptBuildPhase;
			buildActionMask = 2147483647;
			files = (
			);
			inputPaths = (
			);
			name = "[CP] Check Pods Manifest.lock";
			outputPaths = (
			);
			runOnlyForDeploymentPostprocessing = 0;
			shellPath = /bin/sh;
			shellScript = "diff \"${PODS_PODFILE_DIR_PATH}/Podfile.lock\" \"${PODS_ROOT}/Manifest.lock\" > /dev/null\nif [ $? != 0 ] ; then\n    # print error to STDERR\n    echo \"error: The sandbox is not in sync with the Podfile.lock. Run 'pod install' or update your CocoaPods installation.\" >&2\n    exit 1\nfi\n";
			showEnvVarsInLog = 0;
		};
		7B0F68B1D5A47D024B04DA8A /* [CP] Embed Pods Frameworks */ = {
			isa = PBXShellScriptBuildPhase;
			buildActionMask = 2147483647;
			files = (
			);
			inputPaths = (
			);
			name = "[CP] Embed Pods Frameworks";
			outputPaths = (
			);
			runOnlyForDeploymentPostprocessing = 0;
			shellPath = /bin/sh;
			shellScript = "\"${SRCROOT}/Pods/Target Support Files/Pods-491ECormackAssn2/Pods-491ECormackAssn2-frameworks.sh\"\n";
			showEnvVarsInLog = 0;
		};
		A057AE3072E2EA6BFE35A1EB /* [CP] Copy Pods Resources */ = {
			isa = PBXShellScriptBuildPhase;
			buildActionMask = 2147483647;
			files = (
			);
			inputPaths = (
			);
			name = "[CP] Copy Pods Resources";
			outputPaths = (
			);
			runOnlyForDeploymentPostprocessing = 0;
			shellPath = /bin/sh;
			shellScript = "\"${SRCROOT}/Pods/Target Support Files/Pods-491ECormackAssn2/Pods-491ECormackAssn2-resources.sh\"\n";
			showEnvVarsInLog = 0;
		};
		BDB41D1D9DC2CF25A9BEDB96 /* [CP] Embed Pods Frameworks */ = {
			isa = PBXShellScriptBuildPhase;
			buildActionMask = 2147483647;
			files = (
			);
			inputPaths = (
			);
			name = "[CP] Embed Pods Frameworks";
			outputPaths = (
			);
			runOnlyForDeploymentPostprocessing = 0;
			shellPath = /bin/sh;
			shellScript = "\"${SRCROOT}/Pods/Target Support Files/Pods-491ECormackAssn2Tests/Pods-491ECormackAssn2Tests-frameworks.sh\"\n";
			showEnvVarsInLog = 0;
		};
		C9DB270E405C8056A0AAD19C /* [CP] Check Pods Manifest.lock */ = {
			isa = PBXShellScriptBuildPhase;
			buildActionMask = 2147483647;
			files = (
			);
			inputPaths = (
			);
			name = "[CP] Check Pods Manifest.lock";
			outputPaths = (
			);
			runOnlyForDeploymentPostprocessing = 0;
			shellPath = /bin/sh;
			shellScript = "diff \"${PODS_PODFILE_DIR_PATH}/Podfile.lock\" \"${PODS_ROOT}/Manifest.lock\" > /dev/null\nif [ $? != 0 ] ; then\n    # print error to STDERR\n    echo \"error: The sandbox is not in sync with the Podfile.lock. Run 'pod install' or update your CocoaPods installation.\" >&2\n    exit 1\nfi\n";
			showEnvVarsInLog = 0;
		};
		DE6B70A6500B19441966EBEE /* [CP] Copy Pods Resources */ = {
			isa = PBXShellScriptBuildPhase;
			buildActionMask = 2147483647;
			files = (
			);
			inputPaths = (
			);
			name = "[CP] Copy Pods Resources";
			outputPaths = (
			);
			runOnlyForDeploymentPostprocessing = 0;
			shellPath = /bin/sh;
			shellScript = "\"${SRCROOT}/Pods/Target Support Files/Pods-491ECormackAssn2Tests/Pods-491ECormackAssn2Tests-resources.sh\"\n";
			showEnvVarsInLog = 0;
		};
/* End PBXShellScriptBuildPhase section */

/* Begin PBXSourcesBuildPhase section */
		A0F2FCCE1EAE76BE002F74F3 /* Sources */ = {
			isa = PBXSourcesBuildPhase;
			buildActionMask = 2147483647;
			files = (
				A07A846A1EAED38A00B7B053 /* CTAConnector.swift in Sources */,
				A0F664B61EB555A7007BC4D1 /* WarningTableViewCell.swift in Sources */,
				A0EBA39E1EB18A90000D9D6A /* UIColor.swift in Sources */,
				A0F2FCD81EAE76BE002F74F3 /* RouteTableViewController.swift in Sources */,
				A0F2FCD61EAE76BE002F74F3 /* AppDelegate.swift in Sources */,
				A0EBA3A51EB1A043000D9D6A /* RouteTableViewCell.swift in Sources */,
				A06630BA1EB256AE000F66E6 /* StopTableViewController.swift in Sources */,
				A0B74F5C1EB286CB00116D7F /* Direction.swift in Sources */,
				A004501A1EB3890D000DD0ED /* StopTableViewCell.swift in Sources */,
				A0F664AE1EB52BDE007BC4D1 /* Warning.swift in Sources */,
				A0B74F5A1EB2866B00116D7F /* DirectionViewController.swift in Sources */,
				A0F664B01EB52D61007BC4D1 /* WaitTableViewCell.swift in Sources */,
				A06630BC1EB256F3000F66E6 /* BusStop.swift in Sources */,
				A0F664B21EB531FA007BC4D1 /* Prediction.swift in Sources */,
				A0C8604E1ECE83A600BF7C5F /* StopManager.swift in Sources */,
				A0F664AC1EB529DF007BC4D1 /* TimeViewController.swift in Sources */,
				A0C8604C1ECE657C00BF7C5F /* RouteManager.swift in Sources */,
				A0EBA3981EB12379000D9D6A /* Route.swift in Sources */,
				A0CBF45A1EAEB43800CECA23 /* KeyRing.swift in Sources */,
			);
			runOnlyForDeploymentPostprocessing = 0;
		};
		A0F2FCE21EAE76BE002F74F3 /* Sources */ = {
			isa = PBXSourcesBuildPhase;
			buildActionMask = 2147483647;
			files = (
				A09E0F501EB2DDE9000B300B /* DirectionViewControllerTest.swift in Sources */,
				A004501C1EB3892B000DD0ED /* StopTableViewControllerTest.swift in Sources */,
				A0CBF45C1EAEB67C00CECA23 /* KeyRingTest.swift in Sources */,
				A0EBA3A01EB18B8F000D9D6A /* UIColorTest.swift in Sources */,
				A004501E1EB3A531000DD0ED /* BusStopTest.swift in Sources */,
				A0EBA39B1EB1896A000D9D6A /* RouteTest.swift in Sources */,
				A000DBBE1EAFDBB2007231CA /* CTAConnectorTest.swift in Sources */,
				A01D00341EB1C4AE0030F2F4 /* RouteTableViewControllerTest.swift in Sources */,
			);
			runOnlyForDeploymentPostprocessing = 0;
		};
/* End PBXSourcesBuildPhase section */

/* Begin PBXTargetDependency section */
		A0F2FCE81EAE76BE002F74F3 /* PBXTargetDependency */ = {
			isa = PBXTargetDependency;
			target = A0F2FCD11EAE76BE002F74F3 /* 491ECormackAssn2 */;
			targetProxy = A0F2FCE71EAE76BE002F74F3 /* PBXContainerItemProxy */;
		};
/* End PBXTargetDependency section */

/* Begin PBXVariantGroup section */
		A0F2FCD91EAE76BE002F74F3 /* Main.storyboard */ = {
			isa = PBXVariantGroup;
			children = (
				A0F2FCDA1EAE76BE002F74F3 /* Base */,
			);
			name = Main.storyboard;
			sourceTree = "<group>";
		};
		A0F2FCDE1EAE76BE002F74F3 /* LaunchScreen.storyboard */ = {
			isa = PBXVariantGroup;
			children = (
				A0F2FCDF1EAE76BE002F74F3 /* Base */,
			);
			name = LaunchScreen.storyboard;
			sourceTree = "<group>";
		};
/* End PBXVariantGroup section */

/* Begin XCBuildConfiguration section */
		A0F2FCED1EAE76BE002F74F3 /* Debug */ = {
			isa = XCBuildConfiguration;
			buildSettings = {
				ALWAYS_SEARCH_USER_PATHS = NO;
				CLANG_ANALYZER_NONNULL = YES;
				CLANG_ANALYZER_NUMBER_OBJECT_CONVERSION = YES_AGGRESSIVE;
				CLANG_CXX_LANGUAGE_STANDARD = "gnu++0x";
				CLANG_CXX_LIBRARY = "libc++";
				CLANG_ENABLE_MODULES = YES;
				CLANG_ENABLE_OBJC_ARC = YES;
				CLANG_WARN_BOOL_CONVERSION = YES;
				CLANG_WARN_CONSTANT_CONVERSION = YES;
				CLANG_WARN_DIRECT_OBJC_ISA_USAGE = YES_ERROR;
				CLANG_WARN_DOCUMENTATION_COMMENTS = YES;
				CLANG_WARN_EMPTY_BODY = YES;
				CLANG_WARN_ENUM_CONVERSION = YES;
				CLANG_WARN_INFINITE_RECURSION = YES;
				CLANG_WARN_INT_CONVERSION = YES;
				CLANG_WARN_OBJC_ROOT_CLASS = YES_ERROR;
				CLANG_WARN_SUSPICIOUS_MOVE = YES;
				CLANG_WARN_UNREACHABLE_CODE = YES;
				CLANG_WARN__DUPLICATE_METHOD_MATCH = YES;
				"CODE_SIGN_IDENTITY[sdk=iphoneos*]" = "iPhone Developer";
				COPY_PHASE_STRIP = NO;
				DEBUG_INFORMATION_FORMAT = dwarf;
				ENABLE_STRICT_OBJC_MSGSEND = YES;
				ENABLE_TESTABILITY = YES;
				GCC_C_LANGUAGE_STANDARD = gnu99;
				GCC_DYNAMIC_NO_PIC = NO;
				GCC_NO_COMMON_BLOCKS = YES;
				GCC_OPTIMIZATION_LEVEL = 0;
				GCC_PREPROCESSOR_DEFINITIONS = (
					"DEBUG=1",
					"$(inherited)",
				);
				GCC_WARN_64_TO_32_BIT_CONVERSION = YES;
				GCC_WARN_ABOUT_RETURN_TYPE = YES_ERROR;
				GCC_WARN_UNDECLARED_SELECTOR = YES;
				GCC_WARN_UNINITIALIZED_AUTOS = YES_AGGRESSIVE;
				GCC_WARN_UNUSED_FUNCTION = YES;
				GCC_WARN_UNUSED_VARIABLE = YES;
				IPHONEOS_DEPLOYMENT_TARGET = 10.3;
				MTL_ENABLE_DEBUG_INFO = YES;
				ONLY_ACTIVE_ARCH = YES;
				SDKROOT = iphoneos;
				SWIFT_ACTIVE_COMPILATION_CONDITIONS = DEBUG;
				SWIFT_OPTIMIZATION_LEVEL = "-Onone";
			};
			name = Debug;
		};
		A0F2FCEE1EAE76BE002F74F3 /* Release */ = {
			isa = XCBuildConfiguration;
			buildSettings = {
				ALWAYS_SEARCH_USER_PATHS = NO;
				CLANG_ANALYZER_NONNULL = YES;
				CLANG_ANALYZER_NUMBER_OBJECT_CONVERSION = YES_AGGRESSIVE;
				CLANG_CXX_LANGUAGE_STANDARD = "gnu++0x";
				CLANG_CXX_LIBRARY = "libc++";
				CLANG_ENABLE_MODULES = YES;
				CLANG_ENABLE_OBJC_ARC = YES;
				CLANG_WARN_BOOL_CONVERSION = YES;
				CLANG_WARN_CONSTANT_CONVERSION = YES;
				CLANG_WARN_DIRECT_OBJC_ISA_USAGE = YES_ERROR;
				CLANG_WARN_DOCUMENTATION_COMMENTS = YES;
				CLANG_WARN_EMPTY_BODY = YES;
				CLANG_WARN_ENUM_CONVERSION = YES;
				CLANG_WARN_INFINITE_RECURSION = YES;
				CLANG_WARN_INT_CONVERSION = YES;
				CLANG_WARN_OBJC_ROOT_CLASS = YES_ERROR;
				CLANG_WARN_SUSPICIOUS_MOVE = YES;
				CLANG_WARN_UNREACHABLE_CODE = YES;
				CLANG_WARN__DUPLICATE_METHOD_MATCH = YES;
				"CODE_SIGN_IDENTITY[sdk=iphoneos*]" = "iPhone Developer";
				COPY_PHASE_STRIP = NO;
				DEBUG_INFORMATION_FORMAT = "dwarf-with-dsym";
				ENABLE_NS_ASSERTIONS = NO;
				ENABLE_STRICT_OBJC_MSGSEND = YES;
				GCC_C_LANGUAGE_STANDARD = gnu99;
				GCC_NO_COMMON_BLOCKS = YES;
				GCC_WARN_64_TO_32_BIT_CONVERSION = YES;
				GCC_WARN_ABOUT_RETURN_TYPE = YES_ERROR;
				GCC_WARN_UNDECLARED_SELECTOR = YES;
				GCC_WARN_UNINITIALIZED_AUTOS = YES_AGGRESSIVE;
				GCC_WARN_UNUSED_FUNCTION = YES;
				GCC_WARN_UNUSED_VARIABLE = YES;
				IPHONEOS_DEPLOYMENT_TARGET = 10.3;
				MTL_ENABLE_DEBUG_INFO = NO;
				SDKROOT = iphoneos;
				SWIFT_OPTIMIZATION_LEVEL = "-Owholemodule";
				VALIDATE_PRODUCT = YES;
			};
			name = Release;
		};
		A0F2FCF01EAE76BE002F74F3 /* Debug */ = {
			isa = XCBuildConfiguration;
			baseConfigurationReference = 01A05CCD47DF17CE7D88E737 /* Pods-491ECormackAssn2.debug.xcconfig */;
			buildSettings = {
				ASSETCATALOG_COMPILER_APPICON_NAME = AppIcon;
				DEVELOPMENT_TEAM = MQ79U7S5FQ;
				INFOPLIST_FILE = 491ECormackAssn2/Info.plist;
				LD_RUNPATH_SEARCH_PATHS = "$(inherited) @executable_path/Frameworks";
				PRODUCT_BUNDLE_IDENTIFIER = "com.theodinspire.-91ECormackAssn2";
				PRODUCT_NAME = "$(TARGET_NAME)";
				SWIFT_VERSION = 3.0;
			};
			name = Debug;
		};
		A0F2FCF11EAE76BE002F74F3 /* Release */ = {
			isa = XCBuildConfiguration;
			baseConfigurationReference = DF2C5527029AE0ECAF286531 /* Pods-491ECormackAssn2.release.xcconfig */;
			buildSettings = {
				ASSETCATALOG_COMPILER_APPICON_NAME = AppIcon;
				DEVELOPMENT_TEAM = MQ79U7S5FQ;
				INFOPLIST_FILE = 491ECormackAssn2/Info.plist;
				LD_RUNPATH_SEARCH_PATHS = "$(inherited) @executable_path/Frameworks";
				PRODUCT_BUNDLE_IDENTIFIER = "com.theodinspire.-91ECormackAssn2";
				PRODUCT_NAME = "$(TARGET_NAME)";
				SWIFT_VERSION = 3.0;
			};
			name = Release;
		};
		A0F2FCF31EAE76BE002F74F3 /* Debug */ = {
			isa = XCBuildConfiguration;
			baseConfigurationReference = D464E29E542A09E5C33DE64A /* Pods-491ECormackAssn2Tests.debug.xcconfig */;
			buildSettings = {
				ALWAYS_EMBED_SWIFT_STANDARD_LIBRARIES = YES;
				BUNDLE_LOADER = "$(TEST_HOST)";
				INFOPLIST_FILE = 491ECormackAssn2Tests/Info.plist;
				LD_RUNPATH_SEARCH_PATHS = "$(inherited) @executable_path/Frameworks @loader_path/Frameworks";
				PRODUCT_BUNDLE_IDENTIFIER = "com.theodinspire.-91ECormackAssn2Tests";
				PRODUCT_NAME = "$(TARGET_NAME)";
				SWIFT_VERSION = 3.0;
				TEST_HOST = "$(BUILT_PRODUCTS_DIR)/491ECormackAssn2.app/491ECormackAssn2";
			};
			name = Debug;
		};
		A0F2FCF41EAE76BE002F74F3 /* Release */ = {
			isa = XCBuildConfiguration;
			baseConfigurationReference = 706B40133BEE6595FAA88132 /* Pods-491ECormackAssn2Tests.release.xcconfig */;
			buildSettings = {
				ALWAYS_EMBED_SWIFT_STANDARD_LIBRARIES = YES;
				BUNDLE_LOADER = "$(TEST_HOST)";
				INFOPLIST_FILE = 491ECormackAssn2Tests/Info.plist;
				LD_RUNPATH_SEARCH_PATHS = "$(inherited) @executable_path/Frameworks @loader_path/Frameworks";
				PRODUCT_BUNDLE_IDENTIFIER = "com.theodinspire.-91ECormackAssn2Tests";
				PRODUCT_NAME = "$(TARGET_NAME)";
				SWIFT_VERSION = 3.0;
				TEST_HOST = "$(BUILT_PRODUCTS_DIR)/491ECormackAssn2.app/491ECormackAssn2";
			};
			name = Release;
		};
/* End XCBuildConfiguration section */

/* Begin XCConfigurationList section */
		A0F2FCCD1EAE76BE002F74F3 /* Build configuration list for PBXProject "491ECormackAssn2" */ = {
			isa = XCConfigurationList;
			buildConfigurations = (
				A0F2FCED1EAE76BE002F74F3 /* Debug */,
				A0F2FCEE1EAE76BE002F74F3 /* Release */,
			);
			defaultConfigurationIsVisible = 0;
			defaultConfigurationName = Release;
		};
		A0F2FCEF1EAE76BE002F74F3 /* Build configuration list for PBXNativeTarget "491ECormackAssn2" */ = {
			isa = XCConfigurationList;
			buildConfigurations = (
				A0F2FCF01EAE76BE002F74F3 /* Debug */,
				A0F2FCF11EAE76BE002F74F3 /* Release */,
			);
			defaultConfigurationIsVisible = 0;
			defaultConfigurationName = Release;
		};
		A0F2FCF21EAE76BE002F74F3 /* Build configuration list for PBXNativeTarget "491ECormackAssn2Tests" */ = {
			isa = XCConfigurationList;
			buildConfigurations = (
				A0F2FCF31EAE76BE002F74F3 /* Debug */,
				A0F2FCF41EAE76BE002F74F3 /* Release */,
			);
			defaultConfigurationIsVisible = 0;
			defaultConfigurationName = Release;
		};
/* End XCConfigurationList section */
	};
	rootObject = A0F2FCCA1EAE76BE002F74F3 /* Project object */;
}
